
Microsoft Visual Studio Solution File, Format Version 12.00
# Visual Studio 15
VisualStudioVersion = 15.0.27130.2027
MinimumVisualStudioVersion = 10.0.40219.1
Project("{FAE04EC0-301F-11D3-BF4B-00C04F79EFBC}") = "MarcaFácil", "MarcaFácil\MarcaFácil.csproj", "{F4B42922-6B35-4FA1-9236-67EDC3ACD739}"
EndProject
Global
	GlobalSection(SolutionConfigurationPlatforms) = preSolution
		Debug|Any CPU = Debug|Any CPU
		Release|Any CPU = Release|Any CPU
	EndGlobalSection
	GlobalSection(ProjectConfigurationPlatforms) = postSolution
		{F4B42922-6B35-4FA1-9236-67EDC3ACD739}.Debug|Any CPU.ActiveCfg = Debug|Any CPU
		{F4B42922-6B35-4FA1-9236-67EDC3ACD739}.Debug|Any CPU.Build.0 = Debug|Any CPU
		{F4B42922-6B35-4FA1-9236-67EDC3ACD739}.Release|Any CPU.ActiveCfg = Release|Any CPU
		{F4B42922-6B35-4FA1-9236-67EDC3ACD739}.Release|Any CPU.Build.0 = Release|Any CPU
	EndGlobalSection
	GlobalSection(SolutionProperties) = preSolution
		HideSolutionNode = FALSE
	EndGlobalSection
	GlobalSection(ExtensibilityGlobals) = postSolution
		SolutionGuid = {56BAC463-C66D-4BAA-92BA-4CB196824BA0}
	EndGlobalSection
EndGlobal
